
Microsoft Visual Studio Solution File, Format Version 12.00
# Visual Studio Version 17
VisualStudioVersion = 17.7.34031.279
MinimumVisualStudioVersion = 10.0.40219.1
Project("{FAE04EC0-301F-11D3-BF4B-00C04F79EFBC}") = "ApiEFCustomer", "ApiEFCustomer\ApiEFCustomer.csproj", "{ADA4B195-BE29-4FA2-9C10-8FE6093B9AFB}"
EndProject
Project("{FAE04EC0-301F-11D3-BF4B-00C04F79EFBC}") = "UnitTests", "UnitTests\UnitTests.csproj", "{74CCA119-0D72-4DFD-8401-42A2EE078E0D}"
EndProject
Global
	GlobalSection(SolutionConfigurationPlatforms) = preSolution
		Debug|Any CPU = Debug|Any CPU
		Release|Any CPU = Release|Any CPU
	EndGlobalSection
	GlobalSection(ProjectConfigurationPlatforms) = postSolution
		{ADA4B195-BE29-4FA2-9C10-8FE6093B9AFB}.Debug|Any CPU.ActiveCfg = Debug|Any CPU
		{ADA4B195-BE29-4FA2-9C10-8FE6093B9AFB}.Debug|Any CPU.Build.0 = Debug|Any CPU
		{ADA4B195-BE29-4FA2-9C10-8FE6093B9AFB}.Release|Any CPU.ActiveCfg = Release|Any CPU
		{ADA4B195-BE29-4FA2-9C10-8FE6093B9AFB}.Release|Any CPU.Build.0 = Release|Any CPU
		{74CCA119-0D72-4DFD-8401-42A2EE078E0D}.Debug|Any CPU.ActiveCfg = Debug|Any CPU
		{74CCA119-0D72-4DFD-8401-42A2EE078E0D}.Debug|Any CPU.Build.0 = Debug|Any CPU
		{74CCA119-0D72-4DFD-8401-42A2EE078E0D}.Release|Any CPU.ActiveCfg = Release|Any CPU
		{74CCA119-0D72-4DFD-8401-42A2EE078E0D}.Release|Any CPU.Build.0 = Release|Any CPU
	EndGlobalSection
	GlobalSection(SolutionProperties) = preSolution
		HideSolutionNode = FALSE
	EndGlobalSection
	GlobalSection(ExtensibilityGlobals) = postSolution
		SolutionGuid = {5C12FA8E-ED4A-4349-BCA4-40D3E0B167CA}
	EndGlobalSection
EndGlobal
